
Microsoft Visual Studio Solution File, Format Version 12.00
# Visual Studio Version 17
VisualStudioVersion = 17.10.35027.167
MinimumVisualStudioVersion = 10.0.40219.1
Project("{9A19103F-16F7-4668-BE54-9A1E7A4F7556}") = "ConsoleApp1", "ConsoleApp1\ConsoleApp1.csproj", "{FF0F47DA-5EB8-40E7-B989-820483B25A57}"
EndProject
Project("{9A19103F-16F7-4668-BE54-9A1E7A4F7556}") = "SimpleCalculator.ConsoleApp", "SimpleCalculator.ConsoleApp\SimpleCalculator.ConsoleApp.csproj", "{A603762E-04F6-4DF7-829F-0504570EA34B}"
EndProject
Project("{9A19103F-16F7-4668-BE54-9A1E7A4F7556}") = "SimpleCalculator.ClassLibrary", "SimpleCalculator.ClassLibrary\SimpleCalculator.ClassLibrary.csproj", "{73D8AB1C-D663-4278-8E72-A70C4DE93F7D}"
EndProject
Project("{2150E333-8FDC-42A3-9474-1A3956D46DE8}") = "CalculatorUI", "CalculatorUI", "{B50B3DF4-0570-4A50-9747-9E36AFC9C0CB}"
EndProject
Project("{2150E333-8FDC-42A3-9474-1A3956D46DE8}") = "CalculatorBackend", "CalculatorBackend", "{E24EC8C4-6B30-4796-B9F5-C7EED744022B}"
EndProject
Project("{2150E333-8FDC-42A3-9474-1A3956D46DE8}") = "CalculatorApp", "CalculatorApp", "{1CEC077D-AB30-441C-8345-EF74AE5A4A63}"
EndProject
Project("{9A19103F-16F7-4668-BE54-9A1E7A4F7556}") = "SimpleCalculator.WinFormsApp", "SimpleCalculator.WinFormsApp\SimpleCalculator.WinFormsApp.csproj", "{506F0061-386B-4618-AEB8-D750C5C0BFC2}"
EndProject
Project("{9A19103F-16F7-4668-BE54-9A1E7A4F7556}") = "OODemo1", "OODemo1\OODemo1.csproj", "{3B08B86C-D094-4F0F-B031-30C62FAA9999}"
EndProject
Project("{9A19103F-16F7-4668-BE54-9A1E7A4F7556}") = "TrainerTraineeApp", "TrainerTraineeApp\TrainerTraineeApp.csproj", "{5A93C4B6-496D-4EEE-9DE6-F54E2D6447D1}"
EndProject
Project("{9A19103F-16F7-4668-BE54-9A1E7A4F7556}") = "OODemo2", "OODemo2\OODemo2.csproj", "{542EFE09-56FF-49A5-B838-A65A0DCB2600}"
EndProject
Project("{9A19103F-16F7-4668-BE54-9A1E7A4F7556}") = "OODemo3", "OODemo3\OODemo3.csproj", "{81579FB7-249C-4973-8A65-1876011E58DD}"
EndProject
Project("{9A19103F-16F7-4668-BE54-9A1E7A4F7556}") = "IDELab", "IDELab\IDELab.csproj", "{CC0CC80F-0DDB-4D3D-85E2-D13F7F9857E6}"
EndProject
Project("{9A19103F-16F7-4668-BE54-9A1E7A4F7556}") = "Reference_Materials", "Reference_Materials\Reference_Materials.csproj", "{34CC287B-BC51-4D0C-9036-D138BEC4A572}"
EndProject
Project("{9A19103F-16F7-4668-BE54-9A1E7A4F7556}") = "CollectionsDemo1", "CollectionsDemo1\CollectionsDemo1.csproj", "{20E82C78-22BC-4792-B567-1C163A74C5D4}"
EndProject
Project("{9A19103F-16F7-4668-BE54-9A1E7A4F7556}") = "CollectionsDemo2", "CollectionsDemo2\CollectionsDemo2.csproj", "{FE13FED6-4EBD-49CE-AA2A-B3096302E2E5}"
EndProject
Project("{9A19103F-16F7-4668-BE54-9A1E7A4F7556}") = "CollectionsDemo3", "CollectionsDemo3\CollectionsDemo3.csproj", "{82F016EE-5713-4483-A153-6D387BBD6C61}"
EndProject
Project("{2150E333-8FDC-42A3-9474-1A3956D46DE8}") = "Collections", "Collections", "{CB32F254-6EC6-4F90-9C3F-612275F281C6}"
EndProject
Project("{2150E333-8FDC-42A3-9474-1A3956D46DE8}") = "OO Demos", "OO Demos", "{6BC7D547-B0FC-4223-B97C-9FC839729490}"
EndProject
Project("{9A19103F-16F7-4668-BE54-9A1E7A4F7556}") = "ExceptionsDemo1", "ExceptionsDemo1\ExceptionsDemo1.csproj", "{85440FA6-7CE0-4E96-9CEA-692A02E17371}"
EndProject
Project("{2150E333-8FDC-42A3-9474-1A3956D46DE8}") = "Delegates Demo", "Delegates Demo", "{E91C7538-3044-4548-87E3-DE090F0677F7}"
EndProject
Project("{9A19103F-16F7-4668-BE54-9A1E7A4F7556}") = "DelegatesDemo1", "DelegatesDemo1\DelegatesDemo1.csproj", "{B36C3A2C-BD51-4C26-8024-5C2C3327F0F9}"
EndProject
Project("{9A19103F-16F7-4668-BE54-9A1E7A4F7556}") = "DelegatesDemo2", "DelegatesDemo2\DelegatesDemo2.csproj", "{73689C87-0037-4E08-A093-1AAD7148D317}"
EndProject
Project("{9A19103F-16F7-4668-BE54-9A1E7A4F7556}") = "DelegatesDemo3", "DelegatesDemo3\DelegatesDemo3.csproj", "{9DDB5CC4-FF50-471E-939A-E630D568F35E}"
EndProject
Project("{9A19103F-16F7-4668-BE54-9A1E7A4F7556}") = "DelegatesDemo4", "DelegatesDemo4\DelegatesDemo4.csproj", "{AD35FE99-FF0B-4949-8AC5-B6ABC78271BB}"
EndProject
Project("{2150E333-8FDC-42A3-9474-1A3956D46DE8}") = "LINQ Demos", "LINQ Demos", "{8EDD222D-C7F4-4D73-B5A1-C3EF712C7ACF}"
EndProject
Project("{9A19103F-16F7-4668-BE54-9A1E7A4F7556}") = "LanguageEnhancements", "LanguageEnhancements\LanguageEnhancements.csproj", "{6A19A71F-0DB8-4589-8889-1C88EF852C8C}"
EndProject
Project("{9A19103F-16F7-4668-BE54-9A1E7A4F7556}") = "LinqDemo1", "LinqDemo1\LinqDemo1.csproj", "{12236939-FA95-40C6-B0F8-A7BFCAA61E89}"
EndProject
Project("{9A19103F-16F7-4668-BE54-9A1E7A4F7556}") = "LinqDemo2", "LinqDemo2\LinqDemo2.csproj", "{C143C8C4-2C98-4F33-94C1-40BF7DC6F648}"
EndProject
Project("{9A19103F-16F7-4668-BE54-9A1E7A4F7556}") = "LinqDemo3", "LinqDemo3\LinqDemo3.csproj", "{5C03AAF8-7826-4F6B-B715-CFE7494D9F7E}"
EndProject
Project("{9A19103F-16F7-4668-BE54-9A1E7A4F7556}") = "LinqDemo4", "LinqDemo4\LinqDemo4.csproj", "{04EB7EC0-CCE5-4C09-A28C-2C5B6671F164}"
EndProject
Project("{9A19103F-16F7-4668-BE54-9A1E7A4F7556}") = "LinqToXmlDemo", "LinqToXmlDemo\LinqToXmlDemo.csproj", "{E2362A4B-2975-41E7-BBEC-1FE55C474591}"
EndProject
Project("{2150E333-8FDC-42A3-9474-1A3956D46DE8}") = "Multi Threading Demos", "Multi Threading Demos", "{970A7302-4796-4187-86F9-3DC419072279}"
EndProject
Project("{9A19103F-16F7-4668-BE54-9A1E7A4F7556}") = "MTDemo1", "MTDemo1\MTDemo1.csproj", "{FAD51878-A263-4EE3-A8E1-E20C4FEB1732}"
EndProject
Project("{9A19103F-16F7-4668-BE54-9A1E7A4F7556}") = "MTDemo2", "MTDemo2\MTDemo2.csproj", "{1282F2E0-A195-4557-8D00-3FA630055E5C}"
EndProject
Project("{2150E333-8FDC-42A3-9474-1A3956D46DE8}") = "Unit Testing Demo", "Unit Testing Demo", "{DE83B42C-65DD-48D8-8109-A4A6D38E97FB}"
EndProject
Project("{2150E333-8FDC-42A3-9474-1A3956D46DE8}") = "Business Code", "Business Code", "{93649F56-9D17-4BCE-9FAF-04E562497E7D}"
EndProject
Project("{2150E333-8FDC-42A3-9474-1A3956D46DE8}") = "Unit Testing Code", "Unit Testing Code", "{A3CF9965-FF79-4318-97A2-7494A4546B38}"
EndProject
Project("{9A19103F-16F7-4668-BE54-9A1E7A4F7556}") = "SuperCalculator.Business", "SuperCalculator.Business\SuperCalculator.Business.csproj", "{E3FDB034-3C8D-419E-9519-2ECD7A810072}"
EndProject
Project("{9A19103F-16F7-4668-BE54-9A1E7A4F7556}") = "SuperCalculator.Business.UnitTest", "SuperCalculator.Business.UnitTest\SuperCalculator.Business.UnitTest.csproj", "{E5594E28-7AF9-4E92-BE33-8EF21D13FE5F}"
EndProject
Project("{2150E333-8FDC-42A3-9474-1A3956D46DE8}") = "File IO", "File IO", "{4BC23581-F9C5-4D0C-9E51-8A7CA82C23ED}"
EndProject
Project("{9A19103F-16F7-4668-BE54-9A1E7A4F7556}") = "FileIODemo1", "FileIODemo1\FileIODemo1.csproj", "{D99A1282-422F-436F-99B4-5AA97CEBFF76}"
EndProject
Project("{2150E333-8FDC-42A3-9474-1A3956D46DE8}") = "ADO.Net Demos", "ADO.Net Demos", "{7C8F4F0F-0844-4C94-82F7-4AC3B01B6A74}"
EndProject
Project("{9A19103F-16F7-4668-BE54-9A1E7A4F7556}") = "ContactsManagementApp", "ContactsManagementApp\ContactsManagementApp.csproj", "{202373B6-D52B-4712-873F-0458E4A9C409}"
EndProject
Project("{9A19103F-16F7-4668-BE54-9A1E7A4F7556}") = "ContactManagement.DataAccess", "ContactManagement.DataAccess\ContactManagement.DataAccess.csproj", "{7F63D6F1-0D77-4726-A80F-C7AA20A56399}"
EndProject
Project("{FAE04EC0-301F-11D3-BF4B-00C04F79EFBC}") = "DbTransactionsDemo", "DbTransactionsDemo\DbTransactionsDemo.csproj", "{73DA5297-E53C-414E-B315-3611C460E90D}"
EndProject
Global
	GlobalSection(SolutionConfigurationPlatforms) = preSolution
		Debug|Any CPU = Debug|Any CPU
		Release|Any CPU = Release|Any CPU
	EndGlobalSection
	GlobalSection(ProjectConfigurationPlatforms) = postSolution
		{FF0F47DA-5EB8-40E7-B989-820483B25A57}.Debug|Any CPU.ActiveCfg = Debug|Any CPU
		{FF0F47DA-5EB8-40E7-B989-820483B25A57}.Debug|Any CPU.Build.0 = Debug|Any CPU
		{FF0F47DA-5EB8-40E7-B989-820483B25A57}.Release|Any CPU.ActiveCfg = Release|Any CPU
		{FF0F47DA-5EB8-40E7-B989-820483B25A57}.Release|Any CPU.Build.0 = Release|Any CPU
		{A603762E-04F6-4DF7-829F-0504570EA34B}.Debug|Any CPU.ActiveCfg = Debug|Any CPU
		{A603762E-04F6-4DF7-829F-0504570EA34B}.Debug|Any CPU.Build.0 = Debug|Any CPU
		{A603762E-04F6-4DF7-829F-0504570EA34B}.Release|Any CPU.ActiveCfg = Release|Any CPU
		{A603762E-04F6-4DF7-829F-0504570EA34B}.Release|Any CPU.Build.0 = Release|Any CPU
		{73D8AB1C-D663-4278-8E72-A70C4DE93F7D}.Debug|Any CPU.ActiveCfg = Debug|Any CPU
		{73D8AB1C-D663-4278-8E72-A70C4DE93F7D}.Debug|Any CPU.Build.0 = Debug|Any CPU
		{73D8AB1C-D663-4278-8E72-A70C4DE93F7D}.Release|Any CPU.ActiveCfg = Release|Any CPU
		{73D8AB1C-D663-4278-8E72-A70C4DE93F7D}.Release|Any CPU.Build.0 = Release|Any CPU
		{506F0061-386B-4618-AEB8-D750C5C0BFC2}.Debug|Any CPU.ActiveCfg = Debug|Any CPU
		{506F0061-386B-4618-AEB8-D750C5C0BFC2}.Debug|Any CPU.Build.0 = Debug|Any CPU
		{506F0061-386B-4618-AEB8-D750C5C0BFC2}.Release|Any CPU.ActiveCfg = Release|Any CPU
		{506F0061-386B-4618-AEB8-D750C5C0BFC2}.Release|Any CPU.Build.0 = Release|Any CPU
		{3B08B86C-D094-4F0F-B031-30C62FAA9999}.Debug|Any CPU.ActiveCfg = Debug|Any CPU
		{3B08B86C-D094-4F0F-B031-30C62FAA9999}.Debug|Any CPU.Build.0 = Debug|Any CPU
		{3B08B86C-D094-4F0F-B031-30C62FAA9999}.Release|Any CPU.ActiveCfg = Release|Any CPU
		{3B08B86C-D094-4F0F-B031-30C62FAA9999}.Release|Any CPU.Build.0 = Release|Any CPU
		{5A93C4B6-496D-4EEE-9DE6-F54E2D6447D1}.Debug|Any CPU.ActiveCfg = Debug|Any CPU
		{5A93C4B6-496D-4EEE-9DE6-F54E2D6447D1}.Debug|Any CPU.Build.0 = Debug|Any CPU
		{5A93C4B6-496D-4EEE-9DE6-F54E2D6447D1}.Release|Any CPU.ActiveCfg = Release|Any CPU
		{5A93C4B6-496D-4EEE-9DE6-F54E2D6447D1}.Release|Any CPU.Build.0 = Release|Any CPU
		{542EFE09-56FF-49A5-B838-A65A0DCB2600}.Debug|Any CPU.ActiveCfg = Debug|Any CPU
		{542EFE09-56FF-49A5-B838-A65A0DCB2600}.Debug|Any CPU.Build.0 = Debug|Any CPU
		{542EFE09-56FF-49A5-B838-A65A0DCB2600}.Release|Any CPU.ActiveCfg = Release|Any CPU
		{542EFE09-56FF-49A5-B838-A65A0DCB2600}.Release|Any CPU.Build.0 = Release|Any CPU
		{81579FB7-249C-4973-8A65-1876011E58DD}.Debug|Any CPU.ActiveCfg = Debug|Any CPU
		{81579FB7-249C-4973-8A65-1876011E58DD}.Debug|Any CPU.Build.0 = Debug|Any CPU
		{81579FB7-249C-4973-8A65-1876011E58DD}.Release|Any CPU.ActiveCfg = Release|Any CPU
		{81579FB7-249C-4973-8A65-1876011E58DD}.Release|Any CPU.Build.0 = Release|Any CPU
		{CC0CC80F-0DDB-4D3D-85E2-D13F7F9857E6}.Debug|Any CPU.ActiveCfg = Debug|Any CPU
		{CC0CC80F-0DDB-4D3D-85E2-D13F7F9857E6}.Debug|Any CPU.Build.0 = Debug|Any CPU
		{CC0CC80F-0DDB-4D3D-85E2-D13F7F9857E6}.Release|Any CPU.ActiveCfg = Release|Any CPU
		{CC0CC80F-0DDB-4D3D-85E2-D13F7F9857E6}.Release|Any CPU.Build.0 = Release|Any CPU
		{34CC287B-BC51-4D0C-9036-D138BEC4A572}.Debug|Any CPU.ActiveCfg = Debug|Any CPU
		{34CC287B-BC51-4D0C-9036-D138BEC4A572}.Debug|Any CPU.Build.0 = Debug|Any CPU
		{34CC287B-BC51-4D0C-9036-D138BEC4A572}.Release|Any CPU.ActiveCfg = Release|Any CPU
		{34CC287B-BC51-4D0C-9036-D138BEC4A572}.Release|Any CPU.Build.0 = Release|Any CPU
		{20E82C78-22BC-4792-B567-1C163A74C5D4}.Debug|Any CPU.ActiveCfg = Debug|Any CPU
		{20E82C78-22BC-4792-B567-1C163A74C5D4}.Debug|Any CPU.Build.0 = Debug|Any CPU
		{20E82C78-22BC-4792-B567-1C163A74C5D4}.Release|Any CPU.ActiveCfg = Release|Any CPU
		{20E82C78-22BC-4792-B567-1C163A74C5D4}.Release|Any CPU.Build.0 = Release|Any CPU
		{FE13FED6-4EBD-49CE-AA2A-B3096302E2E5}.Debug|Any CPU.ActiveCfg = Debug|Any CPU
		{FE13FED6-4EBD-49CE-AA2A-B3096302E2E5}.Debug|Any CPU.Build.0 = Debug|Any CPU
		{FE13FED6-4EBD-49CE-AA2A-B3096302E2E5}.Release|Any CPU.ActiveCfg = Release|Any CPU
		{FE13FED6-4EBD-49CE-AA2A-B3096302E2E5}.Release|Any CPU.Build.0 = Release|Any CPU
		{82F016EE-5713-4483-A153-6D387BBD6C61}.Debug|Any CPU.ActiveCfg = Debug|Any CPU
		{82F016EE-5713-4483-A153-6D387BBD6C61}.Debug|Any CPU.Build.0 = Debug|Any CPU
		{82F016EE-5713-4483-A153-6D387BBD6C61}.Release|Any CPU.ActiveCfg = Release|Any CPU
		{82F016EE-5713-4483-A153-6D387BBD6C61}.Release|Any CPU.Build.0 = Release|Any CPU
		{85440FA6-7CE0-4E96-9CEA-692A02E17371}.Debug|Any CPU.ActiveCfg = Debug|Any CPU
		{85440FA6-7CE0-4E96-9CEA-692A02E17371}.Debug|Any CPU.Build.0 = Debug|Any CPU
		{85440FA6-7CE0-4E96-9CEA-692A02E17371}.Release|Any CPU.ActiveCfg = Release|Any CPU
		{85440FA6-7CE0-4E96-9CEA-692A02E17371}.Release|Any CPU.Build.0 = Release|Any CPU
		{B36C3A2C-BD51-4C26-8024-5C2C3327F0F9}.Debug|Any CPU.ActiveCfg = Debug|Any CPU
		{B36C3A2C-BD51-4C26-8024-5C2C3327F0F9}.Debug|Any CPU.Build.0 = Debug|Any CPU
		{B36C3A2C-BD51-4C26-8024-5C2C3327F0F9}.Release|Any CPU.ActiveCfg = Release|Any CPU
		{B36C3A2C-BD51-4C26-8024-5C2C3327F0F9}.Release|Any CPU.Build.0 = Release|Any CPU
		{73689C87-0037-4E08-A093-1AAD7148D317}.Debug|Any CPU.ActiveCfg = Debug|Any CPU
		{73689C87-0037-4E08-A093-1AAD7148D317}.Debug|Any CPU.Build.0 = Debug|Any CPU
		{73689C87-0037-4E08-A093-1AAD7148D317}.Release|Any CPU.ActiveCfg = Release|Any CPU
		{73689C87-0037-4E08-A093-1AAD7148D317}.Release|Any CPU.Build.0 = Release|Any CPU
		{9DDB5CC4-FF50-471E-939A-E630D568F35E}.Debug|Any CPU.ActiveCfg = Debug|Any CPU
		{9DDB5CC4-FF50-471E-939A-E630D568F35E}.Debug|Any CPU.Build.0 = Debug|Any CPU
		{9DDB5CC4-FF50-471E-939A-E630D568F35E}.Release|Any CPU.ActiveCfg = Release|Any CPU
		{9DDB5CC4-FF50-471E-939A-E630D568F35E}.Release|Any CPU.Build.0 = Release|Any CPU
		{AD35FE99-FF0B-4949-8AC5-B6ABC78271BB}.Debug|Any CPU.ActiveCfg = Debug|Any CPU
		{AD35FE99-FF0B-4949-8AC5-B6ABC78271BB}.Debug|Any CPU.Build.0 = Debug|Any CPU
		{AD35FE99-FF0B-4949-8AC5-B6ABC78271BB}.Release|Any CPU.ActiveCfg = Release|Any CPU
		{AD35FE99-FF0B-4949-8AC5-B6ABC78271BB}.Release|Any CPU.Build.0 = Release|Any CPU
		{6A19A71F-0DB8-4589-8889-1C88EF852C8C}.Debug|Any CPU.ActiveCfg = Debug|Any CPU
		{6A19A71F-0DB8-4589-8889-1C88EF852C8C}.Debug|Any CPU.Build.0 = Debug|Any CPU
		{6A19A71F-0DB8-4589-8889-1C88EF852C8C}.Release|Any CPU.ActiveCfg = Release|Any CPU
		{6A19A71F-0DB8-4589-8889-1C88EF852C8C}.Release|Any CPU.Build.0 = Release|Any CPU
		{12236939-FA95-40C6-B0F8-A7BFCAA61E89}.Debug|Any CPU.ActiveCfg = Debug|Any CPU
		{12236939-FA95-40C6-B0F8-A7BFCAA61E89}.Debug|Any CPU.Build.0 = Debug|Any CPU
		{12236939-FA95-40C6-B0F8-A7BFCAA61E89}.Release|Any CPU.ActiveCfg = Release|Any CPU
		{12236939-FA95-40C6-B0F8-A7BFCAA61E89}.Release|Any CPU.Build.0 = Release|Any CPU
		{C143C8C4-2C98-4F33-94C1-40BF7DC6F648}.Debug|Any CPU.ActiveCfg = Debug|Any CPU
		{C143C8C4-2C98-4F33-94C1-40BF7DC6F648}.Debug|Any CPU.Build.0 = Debug|Any CPU
		{C143C8C4-2C98-4F33-94C1-40BF7DC6F648}.Release|Any CPU.ActiveCfg = Release|Any CPU
		{C143C8C4-2C98-4F33-94C1-40BF7DC6F648}.Release|Any CPU.Build.0 = Release|Any CPU
		{5C03AAF8-7826-4F6B-B715-CFE7494D9F7E}.Debug|Any CPU.ActiveCfg = Debug|Any CPU
		{5C03AAF8-7826-4F6B-B715-CFE7494D9F7E}.Debug|Any CPU.Build.0 = Debug|Any CPU
		{5C03AAF8-7826-4F6B-B715-CFE7494D9F7E}.Release|Any CPU.ActiveCfg = Release|Any CPU
		{5C03AAF8-7826-4F6B-B715-CFE7494D9F7E}.Release|Any CPU.Build.0 = Release|Any CPU
		{04EB7EC0-CCE5-4C09-A28C-2C5B6671F164}.Debug|Any CPU.ActiveCfg = Debug|Any CPU
		{04EB7EC0-CCE5-4C09-A28C-2C5B6671F164}.Debug|Any CPU.Build.0 = Debug|Any CPU
		{04EB7EC0-CCE5-4C09-A28C-2C5B6671F164}.Release|Any CPU.ActiveCfg = Release|Any CPU
		{04EB7EC0-CCE5-4C09-A28C-2C5B6671F164}.Release|Any CPU.Build.0 = Release|Any CPU
		{E2362A4B-2975-41E7-BBEC-1FE55C474591}.Debug|Any CPU.ActiveCfg = Debug|Any CPU
		{E2362A4B-2975-41E7-BBEC-1FE55C474591}.Debug|Any CPU.Build.0 = Debug|Any CPU
		{E2362A4B-2975-41E7-BBEC-1FE55C474591}.Release|Any CPU.ActiveCfg = Release|Any CPU
		{E2362A4B-2975-41E7-BBEC-1FE55C474591}.Release|Any CPU.Build.0 = Release|Any CPU
		{FAD51878-A263-4EE3-A8E1-E20C4FEB1732}.Debug|Any CPU.ActiveCfg = Debug|Any CPU
		{FAD51878-A263-4EE3-A8E1-E20C4FEB1732}.Debug|Any CPU.Build.0 = Debug|Any CPU
		{FAD51878-A263-4EE3-A8E1-E20C4FEB1732}.Release|Any CPU.ActiveCfg = Release|Any CPU
		{FAD51878-A263-4EE3-A8E1-E20C4FEB1732}.Release|Any CPU.Build.0 = Release|Any CPU
		{1282F2E0-A195-4557-8D00-3FA630055E5C}.Debug|Any CPU.ActiveCfg = Debug|Any CPU
		{1282F2E0-A195-4557-8D00-3FA630055E5C}.Debug|Any CPU.Build.0 = Debug|Any CPU
		{1282F2E0-A195-4557-8D00-3FA630055E5C}.Release|Any CPU.ActiveCfg = Release|Any CPU
		{1282F2E0-A195-4557-8D00-3FA630055E5C}.Release|Any CPU.Build.0 = Release|Any CPU
		{E3FDB034-3C8D-419E-9519-2ECD7A810072}.Debug|Any CPU.ActiveCfg = Debug|Any CPU
		{E3FDB034-3C8D-419E-9519-2ECD7A810072}.Debug|Any CPU.Build.0 = Debug|Any CPU
		{E3FDB034-3C8D-419E-9519-2ECD7A810072}.Release|Any CPU.ActiveCfg = Release|Any CPU
		{E3FDB034-3C8D-419E-9519-2ECD7A810072}.Release|Any CPU.Build.0 = Release|Any CPU
		{E5594E28-7AF9-4E92-BE33-8EF21D13FE5F}.Debug|Any CPU.ActiveCfg = Debug|Any CPU
		{E5594E28-7AF9-4E92-BE33-8EF21D13FE5F}.Debug|Any CPU.Build.0 = Debug|Any CPU
		{E5594E28-7AF9-4E92-BE33-8EF21D13FE5F}.Release|Any CPU.ActiveCfg = Release|Any CPU
		{E5594E28-7AF9-4E92-BE33-8EF21D13FE5F}.Release|Any CPU.Build.0 = Release|Any CPU
		{D99A1282-422F-436F-99B4-5AA97CEBFF76}.Debug|Any CPU.ActiveCfg = Debug|Any CPU
		{D99A1282-422F-436F-99B4-5AA97CEBFF76}.Debug|Any CPU.Build.0 = Debug|Any CPU
		{D99A1282-422F-436F-99B4-5AA97CEBFF76}.Release|Any CPU.ActiveCfg = Release|Any CPU
		{D99A1282-422F-436F-99B4-5AA97CEBFF76}.Release|Any CPU.Build.0 = Release|Any CPU
		{202373B6-D52B-4712-873F-0458E4A9C409}.Debug|Any CPU.ActiveCfg = Debug|Any CPU
		{202373B6-D52B-4712-873F-0458E4A9C409}.Debug|Any CPU.Build.0 = Debug|Any CPU
		{202373B6-D52B-4712-873F-0458E4A9C409}.Release|Any CPU.ActiveCfg = Release|Any CPU
		{202373B6-D52B-4712-873F-0458E4A9C409}.Release|Any CPU.Build.0 = Release|Any CPU
		{7F63D6F1-0D77-4726-A80F-C7AA20A56399}.Debug|Any CPU.ActiveCfg = Debug|Any CPU
		{7F63D6F1-0D77-4726-A80F-C7AA20A56399}.Debug|Any CPU.Build.0 = Debug|Any CPU
		{7F63D6F1-0D77-4726-A80F-C7AA20A56399}.Release|Any CPU.ActiveCfg = Release|Any CPU
		{7F63D6F1-0D77-4726-A80F-C7AA20A56399}.Release|Any CPU.Build.0 = Release|Any CPU
		{73DA5297-E53C-414E-B315-3611C460E90D}.Debug|Any CPU.ActiveCfg = Debug|Any CPU
		{73DA5297-E53C-414E-B315-3611C460E90D}.Debug|Any CPU.Build.0 = Debug|Any CPU
		{73DA5297-E53C-414E-B315-3611C460E90D}.Release|Any CPU.ActiveCfg = Release|Any CPU
		{73DA5297-E53C-414E-B315-3611C460E90D}.Release|Any CPU.Build.0 = Release|Any CPU
	EndGlobalSection
	GlobalSection(SolutionProperties) = preSolution
		HideSolutionNode = FALSE
	EndGlobalSection
	GlobalSection(NestedProjects) = preSolution
		{A603762E-04F6-4DF7-829F-0504570EA34B} = {B50B3DF4-0570-4A50-9747-9E36AFC9C0CB}
		{73D8AB1C-D663-4278-8E72-A70C4DE93F7D} = {E24EC8C4-6B30-4796-B9F5-C7EED744022B}
		{B50B3DF4-0570-4A50-9747-9E36AFC9C0CB} = {1CEC077D-AB30-441C-8345-EF74AE5A4A63}
		{E24EC8C4-6B30-4796-B9F5-C7EED744022B} = {1CEC077D-AB30-441C-8345-EF74AE5A4A63}
		{506F0061-386B-4618-AEB8-D750C5C0BFC2} = {B50B3DF4-0570-4A50-9747-9E36AFC9C0CB}
		{3B08B86C-D094-4F0F-B031-30C62FAA9999} = {6BC7D547-B0FC-4223-B97C-9FC839729490}
		{5A93C4B6-496D-4EEE-9DE6-F54E2D6447D1} = {6BC7D547-B0FC-4223-B97C-9FC839729490}
		{542EFE09-56FF-49A5-B838-A65A0DCB2600} = {6BC7D547-B0FC-4223-B97C-9FC839729490}
		{81579FB7-249C-4973-8A65-1876011E58DD} = {6BC7D547-B0FC-4223-B97C-9FC839729490}
		{CC0CC80F-0DDB-4D3D-85E2-D13F7F9857E6} = {6BC7D547-B0FC-4223-B97C-9FC839729490}
		{20E82C78-22BC-4792-B567-1C163A74C5D4} = {CB32F254-6EC6-4F90-9C3F-612275F281C6}
		{FE13FED6-4EBD-49CE-AA2A-B3096302E2E5} = {CB32F254-6EC6-4F90-9C3F-612275F281C6}
		{82F016EE-5713-4483-A153-6D387BBD6C61} = {CB32F254-6EC6-4F90-9C3F-612275F281C6}
		{B36C3A2C-BD51-4C26-8024-5C2C3327F0F9} = {E91C7538-3044-4548-87E3-DE090F0677F7}
		{73689C87-0037-4E08-A093-1AAD7148D317} = {E91C7538-3044-4548-87E3-DE090F0677F7}
		{9DDB5CC4-FF50-471E-939A-E630D568F35E} = {E91C7538-3044-4548-87E3-DE090F0677F7}
		{AD35FE99-FF0B-4949-8AC5-B6ABC78271BB} = {E91C7538-3044-4548-87E3-DE090F0677F7}
		{6A19A71F-0DB8-4589-8889-1C88EF852C8C} = {8EDD222D-C7F4-4D73-B5A1-C3EF712C7ACF}
		{12236939-FA95-40C6-B0F8-A7BFCAA61E89} = {8EDD222D-C7F4-4D73-B5A1-C3EF712C7ACF}
		{C143C8C4-2C98-4F33-94C1-40BF7DC6F648} = {8EDD222D-C7F4-4D73-B5A1-C3EF712C7ACF}
		{5C03AAF8-7826-4F6B-B715-CFE7494D9F7E} = {8EDD222D-C7F4-4D73-B5A1-C3EF712C7ACF}
		{04EB7EC0-CCE5-4C09-A28C-2C5B6671F164} = {8EDD222D-C7F4-4D73-B5A1-C3EF712C7ACF}
		{E2362A4B-2975-41E7-BBEC-1FE55C474591} = {8EDD222D-C7F4-4D73-B5A1-C3EF712C7ACF}
		{FAD51878-A263-4EE3-A8E1-E20C4FEB1732} = {970A7302-4796-4187-86F9-3DC419072279}
		{1282F2E0-A195-4557-8D00-3FA630055E5C} = {970A7302-4796-4187-86F9-3DC419072279}
		{93649F56-9D17-4BCE-9FAF-04E562497E7D} = {DE83B42C-65DD-48D8-8109-A4A6D38E97FB}
		{A3CF9965-FF79-4318-97A2-7494A4546B38} = {DE83B42C-65DD-48D8-8109-A4A6D38E97FB}
		{E3FDB034-3C8D-419E-9519-2ECD7A810072} = {93649F56-9D17-4BCE-9FAF-04E562497E7D}
		{E5594E28-7AF9-4E92-BE33-8EF21D13FE5F} = {A3CF9965-FF79-4318-97A2-7494A4546B38}
		{D99A1282-422F-436F-99B4-5AA97CEBFF76} = {4BC23581-F9C5-4D0C-9E51-8A7CA82C23ED}
		{202373B6-D52B-4712-873F-0458E4A9C409} = {7C8F4F0F-0844-4C94-82F7-4AC3B01B6A74}
		{7F63D6F1-0D77-4726-A80F-C7AA20A56399} = {7C8F4F0F-0844-4C94-82F7-4AC3B01B6A74}
		{73DA5297-E53C-414E-B315-3611C460E90D} = {7C8F4F0F-0844-4C94-82F7-4AC3B01B6A74}
	EndGlobalSection
	GlobalSection(ExtensibilityGlobals) = postSolution
		SolutionGuid = {9521F0F6-029C-4C72-9EFF-93B903BA7146}
	EndGlobalSection
EndGlobal
