
Microsoft Visual Studio Solution File, Format Version 12.00
# Visual Studio Version 17
VisualStudioVersion = 17.10.35027.167
MinimumVisualStudioVersion = 10.0.40219.1
Project("{9A19103F-16F7-4668-BE54-9A1E7A4F7556}") = "ConsoleApp1", "ConsoleApp1\ConsoleApp1.csproj", "{FF0F47DA-5EB8-40E7-B989-820483B25A57}"
EndProject
Project("{9A19103F-16F7-4668-BE54-9A1E7A4F7556}") = "SimpleCalculator.ConsoleApp", "SimpleCalculator.ConsoleApp\SimpleCalculator.ConsoleApp.csproj", "{A603762E-04F6-4DF7-829F-0504570EA34B}"
EndProject
Project("{9A19103F-16F7-4668-BE54-9A1E7A4F7556}") = "SimpleCalculator.ClassLibrary", "SimpleCalculator.ClassLibrary\SimpleCalculator.ClassLibrary.csproj", "{73D8AB1C-D663-4278-8E72-A70C4DE93F7D}"
EndProject
Project("{2150E333-8FDC-42A3-9474-1A3956D46DE8}") = "CalculatorUI", "CalculatorUI", "{B50B3DF4-0570-4A50-9747-9E36AFC9C0CB}"
EndProject
Project("{2150E333-8FDC-42A3-9474-1A3956D46DE8}") = "CalculatorBackend", "CalculatorBackend", "{E24EC8C4-6B30-4796-B9F5-C7EED744022B}"
EndProject
Project("{2150E333-8FDC-42A3-9474-1A3956D46DE8}") = "CalculatorApp", "CalculatorApp", "{1CEC077D-AB30-441C-8345-EF74AE5A4A63}"
EndProject
Project("{9A19103F-16F7-4668-BE54-9A1E7A4F7556}") = "SimpleCalculator.WinFormsApp", "SimpleCalculator.WinFormsApp\SimpleCalculator.WinFormsApp.csproj", "{506F0061-386B-4618-AEB8-D750C5C0BFC2}"
EndProject
Project("{9A19103F-16F7-4668-BE54-9A1E7A4F7556}") = "OODemo1", "OODemo1\OODemo1.csproj", "{3B08B86C-D094-4F0F-B031-30C62FAA9999}"
EndProject
Project("{9A19103F-16F7-4668-BE54-9A1E7A4F7556}") = "TrainerTraineeApp", "TrainerTraineeApp\TrainerTraineeApp.csproj", "{5A93C4B6-496D-4EEE-9DE6-F54E2D6447D1}"
EndProject
Project("{9A19103F-16F7-4668-BE54-9A1E7A4F7556}") = "OODemo2", "OODemo2\OODemo2.csproj", "{542EFE09-56FF-49A5-B838-A65A0DCB2600}"
EndProject
Project("{9A19103F-16F7-4668-BE54-9A1E7A4F7556}") = "OODemo3", "OODemo3\OODemo3.csproj", "{81579FB7-249C-4973-8A65-1876011E58DD}"
EndProject
Project("{FAE04EC0-301F-11D3-BF4B-00C04F79EFBC}") = "IDELab", "IDELab\IDELab.csproj", "{CC0CC80F-0DDB-4D3D-85E2-D13F7F9857E6}"
EndProject
Project("{FAE04EC0-301F-11D3-BF4B-00C04F79EFBC}") = "Reference_Materials", "Reference_Materials\Reference_Materials.csproj", "{34CC287B-BC51-4D0C-9036-D138BEC4A572}"
EndProject
Global
	GlobalSection(SolutionConfigurationPlatforms) = preSolution
		Debug|Any CPU = Debug|Any CPU
		Release|Any CPU = Release|Any CPU
	EndGlobalSection
	GlobalSection(ProjectConfigurationPlatforms) = postSolution
		{FF0F47DA-5EB8-40E7-B989-820483B25A57}.Debug|Any CPU.ActiveCfg = Debug|Any CPU
		{FF0F47DA-5EB8-40E7-B989-820483B25A57}.Debug|Any CPU.Build.0 = Debug|Any CPU
		{FF0F47DA-5EB8-40E7-B989-820483B25A57}.Release|Any CPU.ActiveCfg = Release|Any CPU
		{FF0F47DA-5EB8-40E7-B989-820483B25A57}.Release|Any CPU.Build.0 = Release|Any CPU
		{A603762E-04F6-4DF7-829F-0504570EA34B}.Debug|Any CPU.ActiveCfg = Debug|Any CPU
		{A603762E-04F6-4DF7-829F-0504570EA34B}.Debug|Any CPU.Build.0 = Debug|Any CPU
		{A603762E-04F6-4DF7-829F-0504570EA34B}.Release|Any CPU.ActiveCfg = Release|Any CPU
		{A603762E-04F6-4DF7-829F-0504570EA34B}.Release|Any CPU.Build.0 = Release|Any CPU
		{73D8AB1C-D663-4278-8E72-A70C4DE93F7D}.Debug|Any CPU.ActiveCfg = Debug|Any CPU
		{73D8AB1C-D663-4278-8E72-A70C4DE93F7D}.Debug|Any CPU.Build.0 = Debug|Any CPU
		{73D8AB1C-D663-4278-8E72-A70C4DE93F7D}.Release|Any CPU.ActiveCfg = Release|Any CPU
		{73D8AB1C-D663-4278-8E72-A70C4DE93F7D}.Release|Any CPU.Build.0 = Release|Any CPU
		{506F0061-386B-4618-AEB8-D750C5C0BFC2}.Debug|Any CPU.ActiveCfg = Debug|Any CPU
		{506F0061-386B-4618-AEB8-D750C5C0BFC2}.Debug|Any CPU.Build.0 = Debug|Any CPU
		{506F0061-386B-4618-AEB8-D750C5C0BFC2}.Release|Any CPU.ActiveCfg = Release|Any CPU
		{506F0061-386B-4618-AEB8-D750C5C0BFC2}.Release|Any CPU.Build.0 = Release|Any CPU
		{3B08B86C-D094-4F0F-B031-30C62FAA9999}.Debug|Any CPU.ActiveCfg = Debug|Any CPU
		{3B08B86C-D094-4F0F-B031-30C62FAA9999}.Debug|Any CPU.Build.0 = Debug|Any CPU
		{3B08B86C-D094-4F0F-B031-30C62FAA9999}.Release|Any CPU.ActiveCfg = Release|Any CPU
		{3B08B86C-D094-4F0F-B031-30C62FAA9999}.Release|Any CPU.Build.0 = Release|Any CPU
		{5A93C4B6-496D-4EEE-9DE6-F54E2D6447D1}.Debug|Any CPU.ActiveCfg = Debug|Any CPU
		{5A93C4B6-496D-4EEE-9DE6-F54E2D6447D1}.Debug|Any CPU.Build.0 = Debug|Any CPU
		{5A93C4B6-496D-4EEE-9DE6-F54E2D6447D1}.Release|Any CPU.ActiveCfg = Release|Any CPU
		{5A93C4B6-496D-4EEE-9DE6-F54E2D6447D1}.Release|Any CPU.Build.0 = Release|Any CPU
		{542EFE09-56FF-49A5-B838-A65A0DCB2600}.Debug|Any CPU.ActiveCfg = Debug|Any CPU
		{542EFE09-56FF-49A5-B838-A65A0DCB2600}.Debug|Any CPU.Build.0 = Debug|Any CPU
		{542EFE09-56FF-49A5-B838-A65A0DCB2600}.Release|Any CPU.ActiveCfg = Release|Any CPU
		{542EFE09-56FF-49A5-B838-A65A0DCB2600}.Release|Any CPU.Build.0 = Release|Any CPU
		{81579FB7-249C-4973-8A65-1876011E58DD}.Debug|Any CPU.ActiveCfg = Debug|Any CPU
		{81579FB7-249C-4973-8A65-1876011E58DD}.Debug|Any CPU.Build.0 = Debug|Any CPU
		{81579FB7-249C-4973-8A65-1876011E58DD}.Release|Any CPU.ActiveCfg = Release|Any CPU
		{81579FB7-249C-4973-8A65-1876011E58DD}.Release|Any CPU.Build.0 = Release|Any CPU
		{CC0CC80F-0DDB-4D3D-85E2-D13F7F9857E6}.Debug|Any CPU.ActiveCfg = Debug|Any CPU
		{CC0CC80F-0DDB-4D3D-85E2-D13F7F9857E6}.Debug|Any CPU.Build.0 = Debug|Any CPU
		{CC0CC80F-0DDB-4D3D-85E2-D13F7F9857E6}.Release|Any CPU.ActiveCfg = Release|Any CPU
		{CC0CC80F-0DDB-4D3D-85E2-D13F7F9857E6}.Release|Any CPU.Build.0 = Release|Any CPU
		{34CC287B-BC51-4D0C-9036-D138BEC4A572}.Debug|Any CPU.ActiveCfg = Debug|Any CPU
		{34CC287B-BC51-4D0C-9036-D138BEC4A572}.Debug|Any CPU.Build.0 = Debug|Any CPU
		{34CC287B-BC51-4D0C-9036-D138BEC4A572}.Release|Any CPU.ActiveCfg = Release|Any CPU
		{34CC287B-BC51-4D0C-9036-D138BEC4A572}.Release|Any CPU.Build.0 = Release|Any CPU
	EndGlobalSection
	GlobalSection(SolutionProperties) = preSolution
		HideSolutionNode = FALSE
	EndGlobalSection
	GlobalSection(NestedProjects) = preSolution
		{A603762E-04F6-4DF7-829F-0504570EA34B} = {B50B3DF4-0570-4A50-9747-9E36AFC9C0CB}
		{73D8AB1C-D663-4278-8E72-A70C4DE93F7D} = {E24EC8C4-6B30-4796-B9F5-C7EED744022B}
		{B50B3DF4-0570-4A50-9747-9E36AFC9C0CB} = {1CEC077D-AB30-441C-8345-EF74AE5A4A63}
		{E24EC8C4-6B30-4796-B9F5-C7EED744022B} = {1CEC077D-AB30-441C-8345-EF74AE5A4A63}
		{506F0061-386B-4618-AEB8-D750C5C0BFC2} = {B50B3DF4-0570-4A50-9747-9E36AFC9C0CB}
	EndGlobalSection
	GlobalSection(ExtensibilityGlobals) = postSolution
		SolutionGuid = {9521F0F6-029C-4C72-9EFF-93B903BA7146}
	EndGlobalSection
EndGlobal
